
Microsoft Visual Studio Solution File, Format Version 12.00
# Visual Studio Version 17
VisualStudioVersion = 17.1.32210.238
MinimumVisualStudioVersion = 10.0.40219.1
Project("{FAE04EC0-301F-11D3-BF4B-00C04F79EFBC}") = "modul7_1302200119", "modul7_1302200119\modul7_1302200119.csproj", "{7A73A546-A72A-49C1-9321-F82F0C35708F}"
EndProject
Global
	GlobalSection(SolutionConfigurationPlatforms) = preSolution
		Debug|Any CPU = Debug|Any CPU
		Release|Any CPU = Release|Any CPU
	EndGlobalSection
	GlobalSection(ProjectConfigurationPlatforms) = postSolution
		{7A73A546-A72A-49C1-9321-F82F0C35708F}.Debug|Any CPU.ActiveCfg = Debug|Any CPU
		{7A73A546-A72A-49C1-9321-F82F0C35708F}.Debug|Any CPU.Build.0 = Debug|Any CPU
		{7A73A546-A72A-49C1-9321-F82F0C35708F}.Release|Any CPU.ActiveCfg = Release|Any CPU
		{7A73A546-A72A-49C1-9321-F82F0C35708F}.Release|Any CPU.Build.0 = Release|Any CPU
	EndGlobalSection
	GlobalSection(SolutionProperties) = preSolution
		HideSolutionNode = FALSE
	EndGlobalSection
	GlobalSection(ExtensibilityGlobals) = postSolution
		SolutionGuid = {59E04155-9DC9-44C3-9A65-8DB77ECAFA9E}
	EndGlobalSection
EndGlobal
